// !$*UTF8*$!
{
	archiveVersion = 1;
	classes = {
	};
	objectVersion = 52;
	objects = {

/* Begin PBXBuildFile section */
		7CC2C78124FFA83C00218F56 /* AppDelegate.swift in Sources */ = {isa = PBXBuildFile; fileRef = 7CC2C78024FFA83C00218F56 /* AppDelegate.swift */; };
		7CC2C78524FFA83C00218F56 /* ViewController.swift in Sources */ = {isa = PBXBuildFile; fileRef = 7CC2C78424FFA83C00218F56 /* ViewController.swift */; };
		7CC2C78824FFA83C00218F56 /* Main.storyboard in Resources */ = {isa = PBXBuildFile; fileRef = 7CC2C78624FFA83C00218F56 /* Main.storyboard */; };
		7CC2C78A24FFA83F00218F56 /* Assets.xcassets in Resources */ = {isa = PBXBuildFile; fileRef = 7CC2C78924FFA83F00218F56 /* Assets.xcassets */; };
		7CC2C78D24FFA83F00218F56 /* LaunchScreen.storyboard in Resources */ = {isa = PBXBuildFile; fileRef = 7CC2C78B24FFA83F00218F56 /* LaunchScreen.storyboard */; };
		7CC2C79824FFA91300218F56 /* CSMarqueeView in Frameworks */ = {isa = PBXBuildFile; productRef = 7CC2C79724FFA91300218F56 /* CSMarqueeView */; };
/* End PBXBuildFile section */

/* Begin PBXFileReference section */
		7CC2C77D24FFA83C00218F56 /* CSMarqueeViewDemo.app */ = {isa = PBXFileReference; explicitFileType = wrapper.application; includeInIndex = 0; path = CSMarqueeViewDemo.app; sourceTree = BUILT_PRODUCTS_DIR; };
		7CC2C78024FFA83C00218F56 /* AppDelegate.swift */ = {isa = PBXFileReference; lastKnownFileType = sourcecode.swift; path = AppDelegate.swift; sourceTree = "<group>"; };
		7CC2C78424FFA83C00218F56 /* ViewController.swift */ = {isa = PBXFileReference; lastKnownFileType = sourcecode.swift; path = ViewController.swift; sourceTree = "<group>"; };
		7CC2C78724FFA83C00218F56 /* Base */ = {isa = PBXFileReference; lastKnownFileType = file.storyboard; name = Base; path = Base.lproj/Main.storyboard; sourceTree = "<group>"; };
		7CC2C78924FFA83F00218F56 /* Assets.xcassets */ = {isa = PBXFileReference; lastKnownFileType = folder.assetcatalog; path = Assets.xcassets; sourceTree = "<group>"; };
		7CC2C78C24FFA83F00218F56 /* Base */ = {isa = PBXFileReference; lastKnownFileType = file.storyboard; name = Base; path = Base.lproj/LaunchScreen.storyboard; sourceTree = "<group>"; };
		7CC2C78E24FFA83F00218F56 /* Info.plist */ = {isa = PBXFileReference; lastKnownFileType = text.plist.xml; path = Info.plist; sourceTree = "<group>"; };
/* End PBXFileReference section */

/* Begin PBXFrameworksBuildPhase section */
		7CC2C77A24FFA83C00218F56 /* Frameworks */ = {
			isa = PBXFrameworksBuildPhase;
			buildActionMask = 2147483647;
			files = (
				7CC2C79824FFA91300218F56 /* CSMarqueeView in Frameworks */,
			);
			runOnlyForDeploymentPostprocessing = 0;
		};
/* End PBXFrameworksBuildPhase section */

/* Begin PBXGroup section */
		7CC2C77424FFA83C00218F56 = {
			isa = PBXGroup;
			children = (
				7CC2C77F24FFA83C00218F56 /* CSMarqueeViewDemo */,
				7CC2C77E24FFA83C00218F56 /* Products */,
				7CC2C79624FFA91300218F56 /* Frameworks */,
			);
			sourceTree = "<group>";
		};
		7CC2C77E24FFA83C00218F56 /* Products */ = {
			isa = PBXGroup;
			children = (
				7CC2C77D24FFA83C00218F56 /* CSMarqueeViewDemo.app */,
			);
			name = Products;
			sourceTree = "<group>";
		};
		7CC2C77F24FFA83C00218F56 /* CSMarqueeViewDemo */ = {
			isa = PBXGroup;
			children = (
				7CC2C78024FFA83C00218F56 /* AppDelegate.swift */,
				7CC2C78424FFA83C00218F56 /* ViewController.swift */,
				7CC2C78624FFA83C00218F56 /* Main.storyboard */,
				7CC2C78924FFA83F00218F56 /* Assets.xcassets */,
				7CC2C78B24FFA83F00218F56 /* LaunchScreen.storyboard */,
				7CC2C78E24FFA83F00218F56 /* Info.plist */,
			);
			path = CSMarqueeViewDemo;
			sourceTree = "<group>";
		};
		7CC2C79624FFA91300218F56 /* Frameworks */ = {
			isa = PBXGroup;
			children = (
			);
			name = Frameworks;
			sourceTree = "<group>";
		};
/* End PBXGroup section */

/* Begin PBXNativeTarget section */
		7CC2C77C24FFA83C00218F56 /* CSMarqueeViewDemo */ = {
			isa = PBXNativeTarget;
			buildConfigurationList = 7CC2C79124FFA83F00218F56 /* Build configuration list for PBXNativeTarget "CSMarqueeViewDemo" */;
			buildPhases = (
				7CC2C77924FFA83C00218F56 /* Sources */,
				7CC2C77A24FFA83C00218F56 /* Frameworks */,
				7CC2C77B24FFA83C00218F56 /* Resources */,
			);
			buildRules = (
			);
			dependencies = (
			);
			name = CSMarqueeViewDemo;
			packageProductDependencies = (
				7CC2C79724FFA91300218F56 /* CSMarqueeView */,
			);
			productName = CSMarqueeViewDemo;
			productReference = 7CC2C77D24FFA83C00218F56 /* CSMarqueeViewDemo.app */;
			productType = "com.apple.product-type.application";
		};
/* End PBXNativeTarget section */

/* Begin PBXProject section */
		7CC2C77524FFA83C00218F56 /* Project object */ = {
			isa = PBXProject;
			attributes = {
				LastSwiftUpdateCheck = 1160;
				LastUpgradeCheck = 1160;
				ORGANIZATIONNAME = "Charles Hsieh";
				TargetAttributes = {
					7CC2C77C24FFA83C00218F56 = {
						CreatedOnToolsVersion = 11.6;
					};
				};
			};
			buildConfigurationList = 7CC2C77824FFA83C00218F56 /* Build configuration list for PBXProject "CSMarqueeViewDemo" */;
			compatibilityVersion = "Xcode 9.3";
			developmentRegion = en;
			hasScannedForEncodings = 0;
			knownRegions = (
				en,
				Base,
			);
			mainGroup = 7CC2C77424FFA83C00218F56;
			productRefGroup = 7CC2C77E24FFA83C00218F56 /* Products */;
			projectDirPath = "";
			projectRoot = "";
			targets = (
				7CC2C77C24FFA83C00218F56 /* CSMarqueeViewDemo */,
			);
		};
/* End PBXProject section */

/* Begin PBXResourcesBuildPhase section */
		7CC2C77B24FFA83C00218F56 /* Resources */ = {
			isa = PBXResourcesBuildPhase;
			buildActionMask = 2147483647;
			files = (
				7CC2C78D24FFA83F00218F56 /* LaunchScreen.storyboard in Resources */,
				7CC2C78A24FFA83F00218F56 /* Assets.xcassets in Resources */,
				7CC2C78824FFA83C00218F56 /* Main.storyboard in Resources */,
			);
			runOnlyForDeploymentPostprocessing = 0;
		};
/* End PBXResourcesBuildPhase section */

/* Begin PBXSourcesBuildPhase section */
		7CC2C77924FFA83C00218F56 /* Sources */ = {
			isa = PBXSourcesBuildPhase;
			buildActionMask = 2147483647;
			files = (
				7CC2C78524FFA83C00218F56 /* ViewController.swift in Sources */,
				7CC2C78124FFA83C00218F56 /* AppDelegate.swift in Sources */,
			);
			runOnlyForDeploymentPostprocessing = 0;
		};
/* End PBXSourcesBuildPhase section */

/* Begin PBXVariantGroup section */
		7CC2C78624FFA83C00218F56 /* Main.storyboard */ = {
			isa = PBXVariantGroup;
			children = (
				7CC2C78724FFA83C00218F56 /* Base */,
			);
			name = Main.storyboard;
			sourceTree = "<group>";
		};
		7CC2C78B24FFA83F00218F56 /* LaunchScreen.storyboard */ = {
			isa = PBXVariantGroup;
			children = (
				7CC2C78C24FFA83F00218F56 /* Base */,
			);
			name = LaunchScreen.storyboard;
			sourceTree = "<group>";
		};
/* End PBXVariantGroup section */

/* Begin XCBuildConfiguration section */
		7CC2C78F24FFA83F00218F56 /* Debug */ = {
			isa = XCBuildConfiguration;
			buildSettings = {
				ALWAYS_SEARCH_USER_PATHS = NO;
				CLANG_ANALYZER_NONNULL = YES;
				CLANG_ANALYZER_NUMBER_OBJECT_CONVERSION = YES_AGGRESSIVE;
				CLANG_CXX_LANGUAGE_STANDARD = "gnu++14";
				CLANG_CXX_LIBRARY = "libc++";
				CLANG_ENABLE_MODULES = YES;
				CLANG_ENABLE_OBJC_ARC = YES;
				CLANG_ENABLE_OBJC_WEAK = YES;
				CLANG_WARN_BLOCK_CAPTURE_AUTORELEASING = YES;
				CLANG_WARN_BOOL_CONVERSION = YES;
				CLANG_WARN_COMMA = YES;
				CLANG_WARN_CONSTANT_CONVERSION = YES;
				CLANG_WARN_DEPRECATED_OBJC_IMPLEMENTATIONS = YES;
				CLANG_WARN_DIRECT_OBJC_ISA_USAGE = YES_ERROR;
				CLANG_WARN_DOCUMENTATION_COMMENTS = YES;
				CLANG_WARN_EMPTY_BODY = YES;
				CLANG_WARN_ENUM_CONVERSION = YES;
				CLANG_WARN_INFINITE_RECURSION = YES;
				CLANG_WARN_INT_CONVERSION = YES;
				CLANG_WARN_NON_LITERAL_NULL_CONVERSION = YES;
				CLANG_WARN_OBJC_IMPLICIT_RETAIN_SELF = YES;
				CLANG_WARN_OBJC_LITERAL_CONVERSION = YES;
				CLANG_WARN_OBJC_ROOT_CLASS = YES_ERROR;
				CLANG_WARN_RANGE_LOOP_ANALYSIS = YES;
				CLANG_WARN_STRICT_PROTOTYPES = YES;
				CLANG_WARN_SUSPICIOUS_MOVE = YES;
				CLANG_WARN_UNGUARDED_AVAILABILITY = YES_AGGRESSIVE;
				CLANG_WARN_UNREACHABLE_CODE = YES;
				CLANG_WARN__DUPLICATE_METHOD_MATCH = YES;
				COPY_PHASE_STRIP = NO;
				DEBUG_INFORMATION_FORMAT = dwarf;
				ENABLE_STRICT_OBJC_MSGSEND = YES;
				ENABLE_TESTABILITY = YES;
				GCC_C_LANGUAGE_STANDARD = gnu11;
				GCC_DYNAMIC_NO_PIC = NO;
				GCC_NO_COMMON_BLOCKS = YES;
				GCC_OPTIMIZATION_LEVEL = 0;
				GCC_PREPROCESSOR_DEFINITIONS = (
					"DEBUG=1",
					"$(inherited)",
				);
				GCC_WARN_64_TO_32_BIT_CONVERSION = YES;
				GCC_WARN_ABOUT_RETURN_TYPE = YES_ERROR;
				GCC_WARN_UNDECLARED_SELECTOR = YES;
				GCC_WARN_UNINITIALIZED_AUTOS = YES_AGGRESSIVE;
				GCC_WARN_UNUSED_FUNCTION = YES;
				GCC_WARN_UNUSED_VARIABLE = YES;
				IPHONEOS_DEPLOYMENT_TARGET = 13.6;
				MTL_ENABLE_DEBUG_INFO = INCLUDE_SOURCE;
				MTL_FAST_MATH = YES;
				ONLY_ACTIVE_ARCH = YES;
				SDKROOT = iphoneos;
				SWIFT_ACTIVE_COMPILATION_CONDITIONS = DEBUG;
				SWIFT_OPTIMIZATION_LEVEL = "-Onone";
			};
			name = Debug;
		};
		7CC2C79024FFA83F00218F56 /* Release */ = {
			isa = XCBuildConfiguration;
			buildSettings = {
				ALWAYS_SEARCH_USER_PATHS = NO;
				CLANG_ANALYZER_NONNULL = YES;
				CLANG_ANALYZER_NUMBER_OBJECT_CONVERSION = YES_AGGRESSIVE;
				CLANG_CXX_LANGUAGE_STANDARD = "gnu++14";
				CLANG_CXX_LIBRARY = "libc++";
				CLANG_ENABLE_MODULES = YES;
				CLANG_ENABLE_OBJC_ARC = YES;
				CLANG_ENABLE_OBJC_WEAK = YES;
				CLANG_WARN_BLOCK_CAPTURE_AUTORELEASING = YES;
				CLANG_WARN_BOOL_CONVERSION = YES;
				CLANG_WARN_COMMA = YES;
				CLANG_WARN_CONSTANT_CONVERSION = YES;
				CLANG_WARN_DEPRECATED_OBJC_IMPLEMENTATIONS = YES;
				CLANG_WARN_DIRECT_OBJC_ISA_USAGE = YES_ERROR;
				CLANG_WARN_DOCUMENTATION_COMMENTS = YES;
				CLANG_WARN_EMPTY_BODY = YES;
				CLANG_WARN_ENUM_CONVERSION = YES;
				CLANG_WARN_INFINITE_RECURSION = YES;
				CLANG_WARN_INT_CONVERSION = YES;
				CLANG_WARN_NON_LITERAL_NULL_CONVERSION = YES;
				CLANG_WARN_OBJC_IMPLICIT_RETAIN_SELF = YES;
				CLANG_WARN_OBJC_LITERAL_CONVERSION = YES;
				CLANG_WARN_OBJC_ROOT_CLASS = YES_ERROR;
				CLANG_WARN_RANGE_LOOP_ANALYSIS = YES;
				CLANG_WARN_STRICT_PROTOTYPES = YES;
				CLANG_WARN_SUSPICIOUS_MOVE = YES;
				CLANG_WARN_UNGUARDED_AVAILABILITY = YES_AGGRESSIVE;
				CLANG_WARN_UNREACHABLE_CODE = YES;
				CLANG_WARN__DUPLICATE_METHOD_MATCH = YES;
				COPY_PHASE_STRIP = NO;
				DEBUG_INFORMATION_FORMAT = "dwarf-with-dsym";
				ENABLE_NS_ASSERTIONS = NO;
				ENABLE_STRICT_OBJC_MSGSEND = YES;
				GCC_C_LANGUAGE_STANDARD = gnu11;
				GCC_NO_COMMON_BLOCKS = YES;
				GCC_WARN_64_TO_32_BIT_CONVERSION = YES;
				GCC_WARN_ABOUT_RETURN_TYPE = YES_ERROR;
				GCC_WARN_UNDECLARED_SELECTOR = YES;
				GCC_WARN_UNINITIALIZED_AUTOS = YES_AGGRESSIVE;
				GCC_WARN_UNUSED_FUNCTION = YES;
				GCC_WARN_UNUSED_VARIABLE = YES;
				IPHONEOS_DEPLOYMENT_TARGET = 13.6;
				MTL_ENABLE_DEBUG_INFO = NO;
				MTL_FAST_MATH = YES;
				SDKROOT = iphoneos;
				SWIFT_COMPILATION_MODE = wholemodule;
				SWIFT_OPTIMIZATION_LEVEL = "-O";
				VALIDATE_PRODUCT = YES;
			};
			name = Release;
		};
		7CC2C79224FFA83F00218F56 /* Debug */ = {
			isa = XCBuildConfiguration;
			buildSettings = {
				ASSETCATALOG_COMPILER_APPICON_NAME = AppIcon;
				CODE_SIGN_STYLE = Automatic;
				DEVELOPMENT_TEAM = HW9KY3R5BK;
				INFOPLIST_FILE = CSMarqueeViewDemo/Info.plist;
				LD_RUNPATH_SEARCH_PATHS = (
					"$(inherited)",
					"@executable_path/Frameworks",
				);
				PRODUCT_BUNDLE_IDENTIFIER = com.charleshs.CSMarqueeViewDemo;
				PRODUCT_NAME = "$(TARGET_NAME)";
				SWIFT_VERSION = 5.0;
				TARGETED_DEVICE_FAMILY = "1,2";
			};
			name = Debug;
		};
		7CC2C79324FFA83F00218F56 /* Release */ = {
			isa = XCBuildConfiguration;
			buildSettings = {
				ASSETCATALOG_COMPILER_APPICON_NAME = AppIcon;
				CODE_SIGN_STYLE = Automatic;
				DEVELOPMENT_TEAM = HW9KY3R5BK;
				INFOPLIST_FILE = CSMarqueeViewDemo/Info.plist;
				LD_RUNPATH_SEARCH_PATHS = (
					"$(inherited)",
					"@executable_path/Frameworks",
				);
				PRODUCT_BUNDLE_IDENTIFIER = com.charleshs.CSMarqueeViewDemo;
				PRODUCT_NAME = "$(TARGET_NAME)";
				SWIFT_VERSION = 5.0;
				TARGETED_DEVICE_FAMILY = "1,2";
			};
			name = Release;
		};
/* End XCBuildConfiguration section */

/* Begin XCConfigurationList section */
		7CC2C77824FFA83C00218F56 /* Build configuration list for PBXProject "CSMarqueeViewDemo" */ = {
			isa = XCConfigurationList;
			buildConfigurations = (
				7CC2C78F24FFA83F00218F56 /* Debug */,
				7CC2C79024FFA83F00218F56 /* Release */,
			);
			defaultConfigurationIsVisible = 0;
			defaultConfigurationName = Release;
		};
		7CC2C79124FFA83F00218F56 /* Build configuration list for PBXNativeTarget "CSMarqueeViewDemo" */ = {
			isa = XCConfigurationList;
			buildConfigurations = (
				7CC2C79224FFA83F00218F56 /* Debug */,
				7CC2C79324FFA83F00218F56 /* Release */,
			);
			defaultConfigurationIsVisible = 0;
			defaultConfigurationName = Release;
		};
/* End XCConfigurationList section */

/* Begin XCSwiftPackageProductDependency section */
		7CC2C79724FFA91300218F56 /* CSMarqueeView */ = {
			isa = XCSwiftPackageProductDependency;
			productName = CSMarqueeView;
		};
/* End XCSwiftPackageProductDependency section */
	};
	rootObject = 7CC2C77524FFA83C00218F56 /* Project object */;
}
